
Microsoft Visual Studio Solution File, Format Version 12.00
# Visual Studio Version 17
VisualStudioVersion = 17.14.36408.4
MinimumVisualStudioVersion = 10.0.40219.1
Project("{2150E333-8FDC-42A3-9474-1A3956D46DE8}") = "FrontEnd", "FrontEnd", "{02EA681E-C7D8-13C7-8484-4AC65E1B71E8}"
EndProject
Project("{2150E333-8FDC-42A3-9474-1A3956D46DE8}") = "Services", "Services", "{99508F0F-C130-443C-BA16-74129A515049}"
EndProject
Project("{FAE04EC0-301F-11D3-BF4B-00C04F79EFBC}") = "Microservice.ProductAPI", "Microservice.ProductAPI\Microservice.ProductAPI.csproj", "{9F10DF29-0458-4B8F-B7DB-FC35251C987F}"
EndProject
Global
	GlobalSection(SolutionConfigurationPlatforms) = preSolution
		Debug|Any CPU = Debug|Any CPU
		Release|Any CPU = Release|Any CPU
	EndGlobalSection
	GlobalSection(ProjectConfigurationPlatforms) = postSolution
		{9F10DF29-0458-4B8F-B7DB-FC35251C987F}.Debug|Any CPU.ActiveCfg = Debug|Any CPU
		{9F10DF29-0458-4B8F-B7DB-FC35251C987F}.Debug|Any CPU.Build.0 = Debug|Any CPU
		{9F10DF29-0458-4B8F-B7DB-FC35251C987F}.Release|Any CPU.ActiveCfg = Release|Any CPU
		{9F10DF29-0458-4B8F-B7DB-FC35251C987F}.Release|Any CPU.Build.0 = Release|Any CPU
	EndGlobalSection
	GlobalSection(SolutionProperties) = preSolution
		HideSolutionNode = FALSE
	EndGlobalSection
	GlobalSection(NestedProjects) = preSolution
		{9F10DF29-0458-4B8F-B7DB-FC35251C987F} = {99508F0F-C130-443C-BA16-74129A515049}
	EndGlobalSection
	GlobalSection(ExtensibilityGlobals) = postSolution
		SolutionGuid = {88CCB851-C813-413A-B69E-F6CEBA486BAA}
	EndGlobalSection
EndGlobal
